
Microsoft Visual Studio Solution File, Format Version 12.00
# Visual Studio 15
VisualStudioVersion = 15.0.27428.2043
MinimumVisualStudioVersion = 10.0.40219.1
Project("{FAE04EC0-301F-11D3-BF4B-00C04F79EFBC}") = "Appdev3BAI", "Appdev3BAI\Appdev3BAI.csproj", "{A852B687-9788-4574-A5D5-64FCA9EC6153}"
EndProject
Global
	GlobalSection(SolutionConfigurationPlatforms) = preSolution
		Debug|Any CPU = Debug|Any CPU
		Release|Any CPU = Release|Any CPU
	EndGlobalSection
	GlobalSection(ProjectConfigurationPlatforms) = postSolution
		{A852B687-9788-4574-A5D5-64FCA9EC6153}.Debug|Any CPU.ActiveCfg = Debug|Any CPU
		{A852B687-9788-4574-A5D5-64FCA9EC6153}.Debug|Any CPU.Build.0 = Debug|Any CPU
		{A852B687-9788-4574-A5D5-64FCA9EC6153}.Release|Any CPU.ActiveCfg = Release|Any CPU
		{A852B687-9788-4574-A5D5-64FCA9EC6153}.Release|Any CPU.Build.0 = Release|Any CPU
	EndGlobalSection
	GlobalSection(SolutionProperties) = preSolution
		HideSolutionNode = FALSE
	EndGlobalSection
	GlobalSection(ExtensibilityGlobals) = postSolution
		SolutionGuid = {8C56BBAF-9CDE-40E2-A1D2-00607CEC4068}
	EndGlobalSection
EndGlobal
